
Microsoft Visual Studio Solution File, Format Version 12.00
# Visual Studio Version 16
VisualStudioVersion = 16.0.29424.173
MinimumVisualStudioVersion = 10.0.40219.1
Project("{FAE04EC0-301F-11D3-BF4B-00C04F79EFBC}") = "Crime", "Crime\Crime.csproj", "{508CD2C6-33CB-44B2-B0DC-B6C3A857874D}"
EndProject
Global
	GlobalSection(SolutionConfigurationPlatforms) = preSolution
		Debug|Any CPU = Debug|Any CPU
		Release|Any CPU = Release|Any CPU
	EndGlobalSection
	GlobalSection(ProjectConfigurationPlatforms) = postSolution
		{508CD2C6-33CB-44B2-B0DC-B6C3A857874D}.Debug|Any CPU.ActiveCfg = Debug|Any CPU
		{508CD2C6-33CB-44B2-B0DC-B6C3A857874D}.Debug|Any CPU.Build.0 = Debug|Any CPU
		{508CD2C6-33CB-44B2-B0DC-B6C3A857874D}.Release|Any CPU.ActiveCfg = Release|Any CPU
		{508CD2C6-33CB-44B2-B0DC-B6C3A857874D}.Release|Any CPU.Build.0 = Release|Any CPU
	EndGlobalSection
	GlobalSection(SolutionProperties) = preSolution
		HideSolutionNode = FALSE
	EndGlobalSection
	GlobalSection(ExtensibilityGlobals) = postSolution
		SolutionGuid = {0EEF0740-D862-48ED-B2D1-CE9EF73C77FF}
	EndGlobalSection
EndGlobal
